
Microsoft Visual Studio Solution File, Format Version 12.00
# Visual Studio Version 17
VisualStudioVersion = 17.11.35222.181
MinimumVisualStudioVersion = 10.0.40219.1
Project("{2150E333-8FDC-42A3-9474-1A3956D46DE8}") = "Frontend", "Frontend", "{5CF9BD1D-E40C-4985-86E5-31688F5504C0}"
EndProject
Project("{2150E333-8FDC-42A3-9474-1A3956D46DE8}") = "Backend", "Backend", "{421741BA-4BC3-4583-9EFF-8FFE473670C2}"
EndProject
Project("{FAE04EC0-301F-11D3-BF4B-00C04F79EFBC}") = "BusinessLogicLayer", "BusinessLogicLayer\BusinessLogicLayer.csproj", "{C09485B9-C2A1-495A-A607-E17AA3838C8D}"
EndProject
Project("{FAE04EC0-301F-11D3-BF4B-00C04F79EFBC}") = "DataAccessLayer", "DataAccessLayer\DataAccessLayer.csproj", "{DF45C048-F464-4287-BEB7-8B3606999660}"
EndProject
Global
	GlobalSection(SolutionConfigurationPlatforms) = preSolution
		Debug|Any CPU = Debug|Any CPU
		Release|Any CPU = Release|Any CPU
	EndGlobalSection
	GlobalSection(ProjectConfigurationPlatforms) = postSolution
		{C09485B9-C2A1-495A-A607-E17AA3838C8D}.Debug|Any CPU.ActiveCfg = Debug|Any CPU
		{C09485B9-C2A1-495A-A607-E17AA3838C8D}.Debug|Any CPU.Build.0 = Debug|Any CPU
		{C09485B9-C2A1-495A-A607-E17AA3838C8D}.Release|Any CPU.ActiveCfg = Release|Any CPU
		{C09485B9-C2A1-495A-A607-E17AA3838C8D}.Release|Any CPU.Build.0 = Release|Any CPU
		{DF45C048-F464-4287-BEB7-8B3606999660}.Debug|Any CPU.ActiveCfg = Debug|Any CPU
		{DF45C048-F464-4287-BEB7-8B3606999660}.Debug|Any CPU.Build.0 = Debug|Any CPU
		{DF45C048-F464-4287-BEB7-8B3606999660}.Release|Any CPU.ActiveCfg = Release|Any CPU
		{DF45C048-F464-4287-BEB7-8B3606999660}.Release|Any CPU.Build.0 = Release|Any CPU
	EndGlobalSection
	GlobalSection(SolutionProperties) = preSolution
		HideSolutionNode = FALSE
	EndGlobalSection
	GlobalSection(NestedProjects) = preSolution
		{C09485B9-C2A1-495A-A607-E17AA3838C8D} = {421741BA-4BC3-4583-9EFF-8FFE473670C2}
		{DF45C048-F464-4287-BEB7-8B3606999660} = {421741BA-4BC3-4583-9EFF-8FFE473670C2}
	EndGlobalSection
	GlobalSection(ExtensibilityGlobals) = postSolution
		SolutionGuid = {24E0159F-2207-43B9-BC9F-7475D8E919C9}
	EndGlobalSection
EndGlobal
