
Microsoft Visual Studio Solution File, Format Version 12.00
# Visual Studio Version 17
VisualStudioVersion = 17.11.35222.181
MinimumVisualStudioVersion = 10.0.40219.1
Project("{2150E333-8FDC-42A3-9474-1A3956D46DE8}") = "Frontend", "Frontend", "{5CF9BD1D-E40C-4985-86E5-31688F5504C0}"
EndProject
Project("{2150E333-8FDC-42A3-9474-1A3956D46DE8}") = "Backend", "Backend", "{421741BA-4BC3-4583-9EFF-8FFE473670C2}"
EndProject
Project("{9A19103F-16F7-4668-BE54-9A1E7A4F7556}") = "BusinessLogicLayer", "BusinessLogicLayer\BusinessLogicLayer.csproj", "{C09485B9-C2A1-495A-A607-E17AA3838C8D}"
EndProject
Project("{9A19103F-16F7-4668-BE54-9A1E7A4F7556}") = "DataAccessLayer", "DataAccessLayer\DataAccessLayer.csproj", "{DF45C048-F464-4287-BEB7-8B3606999660}"
EndProject
Project("{9A19103F-16F7-4668-BE54-9A1E7A4F7556}") = "PresentationLayer", "PresentationLayer\PresentationLayer.csproj", "{43E85F82-F3E7-4BE1-9AA4-EC2582585292}"
EndProject
Project("{E53339B2-1760-4266-BCC7-CA923CBCF16C}") = "docker-compose", "docker-compose.dcproj", "{F3E599AA-8174-4402-911D-1ABCEB3FAC60}"
EndProject
Project("{2150E333-8FDC-42A3-9474-1A3956D46DE8}") = "Libraries", "Libraries", "{023869C4-8700-46BF-9F20-13008F847056}"
EndProject
Project("{FAE04EC0-301F-11D3-BF4B-00C04F79EFBC}") = "GlobalExceptionHandlerLibrary", "..\GlobalExceptionHandlerLibrary\GlobalExceptionHandlerLibrary.csproj", "{7FAE5A85-2768-410F-9FE4-F7BCE37D9131}"
EndProject
Project("{54A90642-561A-4BB1-A94E-469ADEE60C69}") = "clientui", "ClientUI\clientui.esproj", "{AF8A3CED-8F5A-CBC8-B704-45FAB67180C2}"
EndProject
Global
	GlobalSection(SolutionConfigurationPlatforms) = preSolution
		Debug|Any CPU = Debug|Any CPU
		Release|Any CPU = Release|Any CPU
	EndGlobalSection
	GlobalSection(ProjectConfigurationPlatforms) = postSolution
		{C09485B9-C2A1-495A-A607-E17AA3838C8D}.Debug|Any CPU.ActiveCfg = Debug|Any CPU
		{C09485B9-C2A1-495A-A607-E17AA3838C8D}.Debug|Any CPU.Build.0 = Debug|Any CPU
		{C09485B9-C2A1-495A-A607-E17AA3838C8D}.Release|Any CPU.ActiveCfg = Release|Any CPU
		{C09485B9-C2A1-495A-A607-E17AA3838C8D}.Release|Any CPU.Build.0 = Release|Any CPU
		{DF45C048-F464-4287-BEB7-8B3606999660}.Debug|Any CPU.ActiveCfg = Debug|Any CPU
		{DF45C048-F464-4287-BEB7-8B3606999660}.Debug|Any CPU.Build.0 = Debug|Any CPU
		{DF45C048-F464-4287-BEB7-8B3606999660}.Release|Any CPU.ActiveCfg = Release|Any CPU
		{DF45C048-F464-4287-BEB7-8B3606999660}.Release|Any CPU.Build.0 = Release|Any CPU
		{43E85F82-F3E7-4BE1-9AA4-EC2582585292}.Debug|Any CPU.ActiveCfg = Debug|Any CPU
		{43E85F82-F3E7-4BE1-9AA4-EC2582585292}.Debug|Any CPU.Build.0 = Debug|Any CPU
		{43E85F82-F3E7-4BE1-9AA4-EC2582585292}.Release|Any CPU.ActiveCfg = Release|Any CPU
		{43E85F82-F3E7-4BE1-9AA4-EC2582585292}.Release|Any CPU.Build.0 = Release|Any CPU
		{F3E599AA-8174-4402-911D-1ABCEB3FAC60}.Debug|Any CPU.ActiveCfg = Debug|Any CPU
		{F3E599AA-8174-4402-911D-1ABCEB3FAC60}.Debug|Any CPU.Build.0 = Debug|Any CPU
		{F3E599AA-8174-4402-911D-1ABCEB3FAC60}.Release|Any CPU.ActiveCfg = Release|Any CPU
		{F3E599AA-8174-4402-911D-1ABCEB3FAC60}.Release|Any CPU.Build.0 = Release|Any CPU
		{7FAE5A85-2768-410F-9FE4-F7BCE37D9131}.Debug|Any CPU.ActiveCfg = Debug|Any CPU
		{7FAE5A85-2768-410F-9FE4-F7BCE37D9131}.Debug|Any CPU.Build.0 = Debug|Any CPU
		{7FAE5A85-2768-410F-9FE4-F7BCE37D9131}.Release|Any CPU.ActiveCfg = Release|Any CPU
		{7FAE5A85-2768-410F-9FE4-F7BCE37D9131}.Release|Any CPU.Build.0 = Release|Any CPU
		{AF8A3CED-8F5A-CBC8-B704-45FAB67180C2}.Debug|Any CPU.ActiveCfg = Debug|Any CPU
		{AF8A3CED-8F5A-CBC8-B704-45FAB67180C2}.Debug|Any CPU.Build.0 = Debug|Any CPU
		{AF8A3CED-8F5A-CBC8-B704-45FAB67180C2}.Debug|Any CPU.Deploy.0 = Debug|Any CPU
		{AF8A3CED-8F5A-CBC8-B704-45FAB67180C2}.Release|Any CPU.ActiveCfg = Release|Any CPU
		{AF8A3CED-8F5A-CBC8-B704-45FAB67180C2}.Release|Any CPU.Build.0 = Release|Any CPU
		{AF8A3CED-8F5A-CBC8-B704-45FAB67180C2}.Release|Any CPU.Deploy.0 = Release|Any CPU
	EndGlobalSection
	GlobalSection(SolutionProperties) = preSolution
		HideSolutionNode = FALSE
	EndGlobalSection
	GlobalSection(NestedProjects) = preSolution
		{C09485B9-C2A1-495A-A607-E17AA3838C8D} = {421741BA-4BC3-4583-9EFF-8FFE473670C2}
		{DF45C048-F464-4287-BEB7-8B3606999660} = {421741BA-4BC3-4583-9EFF-8FFE473670C2}
		{43E85F82-F3E7-4BE1-9AA4-EC2582585292} = {421741BA-4BC3-4583-9EFF-8FFE473670C2}
		{023869C4-8700-46BF-9F20-13008F847056} = {421741BA-4BC3-4583-9EFF-8FFE473670C2}
		{7FAE5A85-2768-410F-9FE4-F7BCE37D9131} = {023869C4-8700-46BF-9F20-13008F847056}
		{AF8A3CED-8F5A-CBC8-B704-45FAB67180C2} = {5CF9BD1D-E40C-4985-86E5-31688F5504C0}
	EndGlobalSection
	GlobalSection(ExtensibilityGlobals) = postSolution
		SolutionGuid = {24E0159F-2207-43B9-BC9F-7475D8E919C9}
	EndGlobalSection
EndGlobal
